
Microsoft Visual Studio Solution File, Format Version 12.00
# Visual Studio Version 17
VisualStudioVersion = 17.1.32210.238
MinimumVisualStudioVersion = 10.0.40219.1
Project("{FAE04EC0-301F-11D3-BF4B-00C04F79EFBC}") = "FileIO", "FileIO\FileIO.csproj", "{D05E7105-DA5F-44E3-B108-F3FF9CA3EA1B}"
EndProject
Global
	GlobalSection(SolutionConfigurationPlatforms) = preSolution
		Debug|Any CPU = Debug|Any CPU
		Release|Any CPU = Release|Any CPU
	EndGlobalSection
	GlobalSection(ProjectConfigurationPlatforms) = postSolution
		{D05E7105-DA5F-44E3-B108-F3FF9CA3EA1B}.Debug|Any CPU.ActiveCfg = Debug|Any CPU
		{D05E7105-DA5F-44E3-B108-F3FF9CA3EA1B}.Debug|Any CPU.Build.0 = Debug|Any CPU
		{D05E7105-DA5F-44E3-B108-F3FF9CA3EA1B}.Release|Any CPU.ActiveCfg = Release|Any CPU
		{D05E7105-DA5F-44E3-B108-F3FF9CA3EA1B}.Release|Any CPU.Build.0 = Release|Any CPU
	EndGlobalSection
	GlobalSection(SolutionProperties) = preSolution
		HideSolutionNode = FALSE
	EndGlobalSection
	GlobalSection(ExtensibilityGlobals) = postSolution
		SolutionGuid = {1DF96FCA-164A-4131-88D9-82E7998ADBF0}
	EndGlobalSection
EndGlobal
